
Microsoft Visual Studio Solution File, Format Version 12.00
# Visual Studio Version 17
VisualStudioVersion = 17.1.32228.430
MinimumVisualStudioVersion = 10.0.40219.1
Project("{FAE04EC0-301F-11D3-BF4B-00C04F79EFBC}") = "LatihanOverloadingMethod", "LatihanOverloadingMethod\LatihanOverloadingMethod.csproj", "{FF42D31B-BC38-4AEF-BFDE-862E68BC6F12}"
EndProject
Global
	GlobalSection(SolutionConfigurationPlatforms) = preSolution
		Debug|Any CPU = Debug|Any CPU
		Release|Any CPU = Release|Any CPU
	EndGlobalSection
	GlobalSection(ProjectConfigurationPlatforms) = postSolution
		{FF42D31B-BC38-4AEF-BFDE-862E68BC6F12}.Debug|Any CPU.ActiveCfg = Debug|Any CPU
		{FF42D31B-BC38-4AEF-BFDE-862E68BC6F12}.Debug|Any CPU.Build.0 = Debug|Any CPU
		{FF42D31B-BC38-4AEF-BFDE-862E68BC6F12}.Release|Any CPU.ActiveCfg = Release|Any CPU
		{FF42D31B-BC38-4AEF-BFDE-862E68BC6F12}.Release|Any CPU.Build.0 = Release|Any CPU
	EndGlobalSection
	GlobalSection(SolutionProperties) = preSolution
		HideSolutionNode = FALSE
	EndGlobalSection
	GlobalSection(ExtensibilityGlobals) = postSolution
		SolutionGuid = {8318C67C-2876-41A8-9486-7C9E88C3A345}
	EndGlobalSection
EndGlobal
